// !$*UTF8*$!
{
	archiveVersion = 1;
	classes = {
	};
	objectVersion = 55;
	objects = {

/* Begin PBXBuildFile section */
		3390A6449BE4741F91E939DB /* Pods_ImagePicker.framework in Frameworks */ = {isa = PBXBuildFile; fileRef = 92B439EDAADA2DC133129B9E /* Pods_ImagePicker.framework */; };
		3F12EBCD29140E82003DA2F9 /* GalleryViewController.swift in Sources */ = {isa = PBXBuildFile; fileRef = 3F12EBCB29140E82003DA2F9 /* GalleryViewController.swift */; };
		3F12EBCE29140E82003DA2F9 /* GalleryViewController.xib in Resources */ = {isa = PBXBuildFile; fileRef = 3F12EBCC29140E82003DA2F9 /* GalleryViewController.xib */; };
		3F4E17E729379A3E00FFCCF7 /* ShowPhotoViewController.swift in Sources */ = {isa = PBXBuildFile; fileRef = 3F4E17E629379A3E00FFCCF7 /* ShowPhotoViewController.swift */; };
		3F4E17E92937AA4F00FFCCF7 /* TextFieldDelegate.swift in Sources */ = {isa = PBXBuildFile; fileRef = 3F4E17E82937AA4F00FFCCF7 /* TextFieldDelegate.swift */; };
		3F4E17EB2937D6F400FFCCF7 /* UIImageNotRotate.swift in Sources */ = {isa = PBXBuildFile; fileRef = 3F4E17EA2937D6F400FFCCF7 /* UIImageNotRotate.swift */; };
		3F4FE5522912636200AAB41C /* Shadow.swift in Sources */ = {isa = PBXBuildFile; fileRef = 3F4FE5512912636200AAB41C /* Shadow.swift */; };
		3F5B0FEB291109E0009E10D4 /* AppDelegate.swift in Sources */ = {isa = PBXBuildFile; fileRef = 3F5B0FEA291109E0009E10D4 /* AppDelegate.swift */; };
		3F5B0FED291109E0009E10D4 /* SceneDelegate.swift in Sources */ = {isa = PBXBuildFile; fileRef = 3F5B0FEC291109E0009E10D4 /* SceneDelegate.swift */; };
		3F5B0FEF291109E0009E10D4 /* MainViewController.swift in Sources */ = {isa = PBXBuildFile; fileRef = 3F5B0FEE291109E0009E10D4 /* MainViewController.swift */; };
		3F5B0FF2291109E0009E10D4 /* Main.storyboard in Resources */ = {isa = PBXBuildFile; fileRef = 3F5B0FF0291109E0009E10D4 /* Main.storyboard */; };
		3F5B0FF4291109E0009E10D4 /* Assets.xcassets in Resources */ = {isa = PBXBuildFile; fileRef = 3F5B0FF3291109E0009E10D4 /* Assets.xcassets */; };
		3F5B0FF7291109E0009E10D4 /* LaunchScreen.storyboard in Resources */ = {isa = PBXBuildFile; fileRef = 3F5B0FF5291109E0009E10D4 /* LaunchScreen.storyboard */; };
		3FB130CE2938B70100F17C73 /* PHasset to UIImage.swift in Sources */ = {isa = PBXBuildFile; fileRef = 3FB130CD2938B70100F17C73 /* PHasset to UIImage.swift */; };
		3FDC102629360D8100D0A95C /* ImageCell.swift in Sources */ = {isa = PBXBuildFile; fileRef = 3FDC102429360D8100D0A95C /* ImageCell.swift */; };
		3FDC102729360D8100D0A95C /* ImageCell.xib in Resources */ = {isa = PBXBuildFile; fileRef = 3FDC102529360D8100D0A95C /* ImageCell.xib */; };
		3FEAB33029140471004A5006 /* StorageManager.swift in Sources */ = {isa = PBXBuildFile; fileRef = 3FEAB32F29140471004A5006 /* StorageManager.swift */; };
/* End PBXBuildFile section */

/* Begin PBXFileReference section */
		3F12EBCB29140E82003DA2F9 /* GalleryViewController.swift */ = {isa = PBXFileReference; lastKnownFileType = sourcecode.swift; path = GalleryViewController.swift; sourceTree = "<group>"; };
		3F12EBCC29140E82003DA2F9 /* GalleryViewController.xib */ = {isa = PBXFileReference; lastKnownFileType = file.xib; name = GalleryViewController.xib; path = ../ViewControllers/GalleryViewController.xib; sourceTree = "<group>"; };
		3F4E17E629379A3E00FFCCF7 /* ShowPhotoViewController.swift */ = {isa = PBXFileReference; lastKnownFileType = sourcecode.swift; path = ShowPhotoViewController.swift; sourceTree = "<group>"; };
		3F4E17E82937AA4F00FFCCF7 /* TextFieldDelegate.swift */ = {isa = PBXFileReference; lastKnownFileType = sourcecode.swift; path = TextFieldDelegate.swift; sourceTree = "<group>"; };
		3F4E17EA2937D6F400FFCCF7 /* UIImageNotRotate.swift */ = {isa = PBXFileReference; lastKnownFileType = sourcecode.swift; path = UIImageNotRotate.swift; sourceTree = "<group>"; };
		3F4FE5512912636200AAB41C /* Shadow.swift */ = {isa = PBXFileReference; lastKnownFileType = sourcecode.swift; path = Shadow.swift; sourceTree = "<group>"; };
		3F5B0FE7291109E0009E10D4 /* ImagePicker.app */ = {isa = PBXFileReference; explicitFileType = wrapper.application; includeInIndex = 0; path = ImagePicker.app; sourceTree = BUILT_PRODUCTS_DIR; };
		3F5B0FEA291109E0009E10D4 /* AppDelegate.swift */ = {isa = PBXFileReference; lastKnownFileType = sourcecode.swift; path = AppDelegate.swift; sourceTree = "<group>"; };
		3F5B0FEC291109E0009E10D4 /* SceneDelegate.swift */ = {isa = PBXFileReference; lastKnownFileType = sourcecode.swift; path = SceneDelegate.swift; sourceTree = "<group>"; };
		3F5B0FEE291109E0009E10D4 /* MainViewController.swift */ = {isa = PBXFileReference; lastKnownFileType = sourcecode.swift; path = MainViewController.swift; sourceTree = "<group>"; };
		3F5B0FF1291109E0009E10D4 /* Base */ = {isa = PBXFileReference; lastKnownFileType = file.storyboard; name = Base; path = Base.lproj/Main.storyboard; sourceTree = "<group>"; };
		3F5B0FF3291109E0009E10D4 /* Assets.xcassets */ = {isa = PBXFileReference; lastKnownFileType = folder.assetcatalog; path = Assets.xcassets; sourceTree = "<group>"; };
		3F5B0FF6291109E0009E10D4 /* Base */ = {isa = PBXFileReference; lastKnownFileType = file.storyboard; name = Base; path = Base.lproj/LaunchScreen.storyboard; sourceTree = "<group>"; };
		3F5B0FF8291109E0009E10D4 /* Info.plist */ = {isa = PBXFileReference; lastKnownFileType = text.plist.xml; path = Info.plist; sourceTree = "<group>"; };
		3FB130CD2938B70100F17C73 /* PHasset to UIImage.swift */ = {isa = PBXFileReference; lastKnownFileType = sourcecode.swift; path = "PHasset to UIImage.swift"; sourceTree = "<group>"; };
		3FDC102429360D8100D0A95C /* ImageCell.swift */ = {isa = PBXFileReference; lastKnownFileType = sourcecode.swift; path = ImageCell.swift; sourceTree = "<group>"; };
		3FDC102529360D8100D0A95C /* ImageCell.xib */ = {isa = PBXFileReference; lastKnownFileType = file.xib; path = ImageCell.xib; sourceTree = "<group>"; };
		3FEAB32F29140471004A5006 /* StorageManager.swift */ = {isa = PBXFileReference; lastKnownFileType = sourcecode.swift; path = StorageManager.swift; sourceTree = "<group>"; };
		64D3059EFC1E420898148675 /* Pods-ImagePicker.debug.xcconfig */ = {isa = PBXFileReference; includeInIndex = 1; lastKnownFileType = text.xcconfig; name = "Pods-ImagePicker.debug.xcconfig"; path = "Target Support Files/Pods-ImagePicker/Pods-ImagePicker.debug.xcconfig"; sourceTree = "<group>"; };
		92B439EDAADA2DC133129B9E /* Pods_ImagePicker.framework */ = {isa = PBXFileReference; explicitFileType = wrapper.framework; includeInIndex = 0; path = Pods_ImagePicker.framework; sourceTree = BUILT_PRODUCTS_DIR; };
		CA4A107F25D6F7E65FCAE214 /* Pods-ImagePicker.release.xcconfig */ = {isa = PBXFileReference; includeInIndex = 1; lastKnownFileType = text.xcconfig; name = "Pods-ImagePicker.release.xcconfig"; path = "Target Support Files/Pods-ImagePicker/Pods-ImagePicker.release.xcconfig"; sourceTree = "<group>"; };
/* End PBXFileReference section */

/* Begin PBXFrameworksBuildPhase section */
		3F5B0FE4291109E0009E10D4 /* Frameworks */ = {
			isa = PBXFrameworksBuildPhase;
			buildActionMask = 2147483647;
			files = (
				3390A6449BE4741F91E939DB /* Pods_ImagePicker.framework in Frameworks */,
			);
			runOnlyForDeploymentPostprocessing = 0;
		};
/* End PBXFrameworksBuildPhase section */

/* Begin PBXGroup section */
		24492A0D826D06DE756FE8F9 /* Frameworks */ = {
			isa = PBXGroup;
			children = (
				92B439EDAADA2DC133129B9E /* Pods_ImagePicker.framework */,
			);
			name = Frameworks;
			sourceTree = "<group>";
		};
		3F4FE5532912645800AAB41C /* Custom Views  */ = {
			isa = PBXGroup;
			children = (
				3FEAB32F29140471004A5006 /* StorageManager.swift */,
				3F4FE5512912636200AAB41C /* Shadow.swift */,
				3FDC102429360D8100D0A95C /* ImageCell.swift */,
			);
			path = "Custom Views ";
			sourceTree = "<group>";
		};
		3F4FE5542912646400AAB41C /* ViewControllers */ = {
			isa = PBXGroup;
			children = (
				3F5B0FEE291109E0009E10D4 /* MainViewController.swift */,
				3F12EBCB29140E82003DA2F9 /* GalleryViewController.swift */,
				3F4E17E629379A3E00FFCCF7 /* ShowPhotoViewController.swift */,
			);
			path = ViewControllers;
			sourceTree = "<group>";
		};
		3F5B0FDE291109E0009E10D4 = {
			isa = PBXGroup;
			children = (
				3F5B0FE9291109E0009E10D4 /* ImagePicker */,
				3F5B0FE8291109E0009E10D4 /* Products */,
				8876505D80613A5A30DEEA55 /* Pods */,
				24492A0D826D06DE756FE8F9 /* Frameworks */,
			);
			sourceTree = "<group>";
		};
		3F5B0FE8291109E0009E10D4 /* Products */ = {
			isa = PBXGroup;
			children = (
				3F5B0FE7291109E0009E10D4 /* ImagePicker.app */,
			);
			name = Products;
			sourceTree = "<group>";
		};
		3F5B0FE9291109E0009E10D4 /* ImagePicker */ = {
			isa = PBXGroup;
			children = (
				3F5B0FF8291109E0009E10D4 /* Info.plist */,
				3FEAB33129140D4A004A5006 /* Storyboards */,
				3F7A4A30291289F3008E1147 /* Resources */,
				3FEBBEDF2912CF3D0059D7AD /* Extensions */,
				3F4FE5542912646400AAB41C /* ViewControllers */,
				3F4FE5532912645800AAB41C /* Custom Views  */,
			);
			path = ImagePicker;
			sourceTree = "<group>";
		};
		3F7A4A30291289F3008E1147 /* Resources */ = {
			isa = PBXGroup;
			children = (
				3F5B0FEC291109E0009E10D4 /* SceneDelegate.swift */,
				3F5B0FEA291109E0009E10D4 /* AppDelegate.swift */,
				3F5B0FF3291109E0009E10D4 /* Assets.xcassets */,
				3F5B0FF5291109E0009E10D4 /* LaunchScreen.storyboard */,
			);
			path = Resources;
			sourceTree = "<group>";
		};
		3FEAB33129140D4A004A5006 /* Storyboards */ = {
			isa = PBXGroup;
			children = (
				3FDC102529360D8100D0A95C /* ImageCell.xib */,
				3F12EBCC29140E82003DA2F9 /* GalleryViewController.xib */,
				3F5B0FF0291109E0009E10D4 /* Main.storyboard */,
			);
			path = Storyboards;
			sourceTree = "<group>";
		};
		3FEBBEDF2912CF3D0059D7AD /* Extensions */ = {
			isa = PBXGroup;
			children = (
				3F4E17E82937AA4F00FFCCF7 /* TextFieldDelegate.swift */,
				3F4E17EA2937D6F400FFCCF7 /* UIImageNotRotate.swift */,
				3FB130CD2938B70100F17C73 /* PHasset to UIImage.swift */,
			);
			path = Extensions;
			sourceTree = "<group>";
		};
		8876505D80613A5A30DEEA55 /* Pods */ = {
			isa = PBXGroup;
			children = (
				64D3059EFC1E420898148675 /* Pods-ImagePicker.debug.xcconfig */,
				CA4A107F25D6F7E65FCAE214 /* Pods-ImagePicker.release.xcconfig */,
			);
			path = Pods;
			sourceTree = "<group>";
		};
/* End PBXGroup section */

/* Begin PBXNativeTarget section */
		3F5B0FE6291109E0009E10D4 /* ImagePicker */ = {
			isa = PBXNativeTarget;
			buildConfigurationList = 3F5B0FFB291109E0009E10D4 /* Build configuration list for PBXNativeTarget "ImagePicker" */;
			buildPhases = (
				D70DD327FD2DDD71BEF17892 /* [CP] Check Pods Manifest.lock */,
				3F5B0FE3291109E0009E10D4 /* Sources */,
				3F5B0FE4291109E0009E10D4 /* Frameworks */,
				3F5B0FE5291109E0009E10D4 /* Resources */,
				85FE150280216670FD9183AA /* [CP] Embed Pods Frameworks */,
			);
			buildRules = (
			);
			dependencies = (
			);
			name = ImagePicker;
			productName = ImagePicker;
			productReference = 3F5B0FE7291109E0009E10D4 /* ImagePicker.app */;
			productType = "com.apple.product-type.application";
		};
/* End PBXNativeTarget section */

/* Begin PBXProject section */
		3F5B0FDF291109E0009E10D4 /* Project object */ = {
			isa = PBXProject;
			attributes = {
				BuildIndependentTargetsInParallel = 1;
				LastSwiftUpdateCheck = 1400;
				LastUpgradeCheck = 1400;
				TargetAttributes = {
					3F5B0FE6291109E0009E10D4 = {
						CreatedOnToolsVersion = 14.0.1;
					};
				};
			};
			buildConfigurationList = 3F5B0FE2291109E0009E10D4 /* Build configuration list for PBXProject "ImagePicker" */;
			compatibilityVersion = "Xcode 13.0";
			developmentRegion = en;
			hasScannedForEncodings = 0;
			knownRegions = (
				en,
				Base,
			);
			mainGroup = 3F5B0FDE291109E0009E10D4;
			productRefGroup = 3F5B0FE8291109E0009E10D4 /* Products */;
			projectDirPath = "";
			projectRoot = "";
			targets = (
				3F5B0FE6291109E0009E10D4 /* ImagePicker */,
			);
		};
/* End PBXProject section */

/* Begin PBXResourcesBuildPhase section */
		3F5B0FE5291109E0009E10D4 /* Resources */ = {
			isa = PBXResourcesBuildPhase;
			buildActionMask = 2147483647;
			files = (
				3F5B0FF7291109E0009E10D4 /* LaunchScreen.storyboard in Resources */,
				3F12EBCE29140E82003DA2F9 /* GalleryViewController.xib in Resources */,
				3FDC102729360D8100D0A95C /* ImageCell.xib in Resources */,
				3F5B0FF4291109E0009E10D4 /* Assets.xcassets in Resources */,
				3F5B0FF2291109E0009E10D4 /* Main.storyboard in Resources */,
			);
			runOnlyForDeploymentPostprocessing = 0;
		};
/* End PBXResourcesBuildPhase section */

/* Begin PBXShellScriptBuildPhase section */
		85FE150280216670FD9183AA /* [CP] Embed Pods Frameworks */ = {
			isa = PBXShellScriptBuildPhase;
			buildActionMask = 2147483647;
			files = (
			);
			inputFileListPaths = (
				"${PODS_ROOT}/Target Support Files/Pods-ImagePicker/Pods-ImagePicker-frameworks-${CONFIGURATION}-input-files.xcfilelist",
			);
			name = "[CP] Embed Pods Frameworks";
			outputFileListPaths = (
				"${PODS_ROOT}/Target Support Files/Pods-ImagePicker/Pods-ImagePicker-frameworks-${CONFIGURATION}-output-files.xcfilelist",
			);
			runOnlyForDeploymentPostprocessing = 0;
			shellPath = /bin/sh;
			shellScript = "\"${PODS_ROOT}/Target Support Files/Pods-ImagePicker/Pods-ImagePicker-frameworks.sh\"\n";
			showEnvVarsInLog = 0;
		};
		D70DD327FD2DDD71BEF17892 /* [CP] Check Pods Manifest.lock */ = {
			isa = PBXShellScriptBuildPhase;
			buildActionMask = 2147483647;
			files = (
			);
			inputFileListPaths = (
			);
			inputPaths = (
				"${PODS_PODFILE_DIR_PATH}/Podfile.lock",
				"${PODS_ROOT}/Manifest.lock",
			);
			name = "[CP] Check Pods Manifest.lock";
			outputFileListPaths = (
			);
			outputPaths = (
				"$(DERIVED_FILE_DIR)/Pods-ImagePicker-checkManifestLockResult.txt",
			);
			runOnlyForDeploymentPostprocessing = 0;
			shellPath = /bin/sh;
			shellScript = "diff \"${PODS_PODFILE_DIR_PATH}/Podfile.lock\" \"${PODS_ROOT}/Manifest.lock\" > /dev/null\nif [ $? != 0 ] ; then\n    # print error to STDERR\n    echo \"error: The sandbox is not in sync with the Podfile.lock. Run 'pod install' or update your CocoaPods installation.\" >&2\n    exit 1\nfi\n# This output is used by Xcode 'outputs' to avoid re-running this script phase.\necho \"SUCCESS\" > \"${SCRIPT_OUTPUT_FILE_0}\"\n";
			showEnvVarsInLog = 0;
		};
/* End PBXShellScriptBuildPhase section */

/* Begin PBXSourcesBuildPhase section */
		3F5B0FE3291109E0009E10D4 /* Sources */ = {
			isa = PBXSourcesBuildPhase;
			buildActionMask = 2147483647;
			files = (
				3F12EBCD29140E82003DA2F9 /* GalleryViewController.swift in Sources */,
				3F5B0FEF291109E0009E10D4 /* MainViewController.swift in Sources */,
				3FEAB33029140471004A5006 /* StorageManager.swift in Sources */,
				3F4E17E92937AA4F00FFCCF7 /* TextFieldDelegate.swift in Sources */,
				3F4E17E729379A3E00FFCCF7 /* ShowPhotoViewController.swift in Sources */,
				3F4FE5522912636200AAB41C /* Shadow.swift in Sources */,
				3FDC102629360D8100D0A95C /* ImageCell.swift in Sources */,
				3F4E17EB2937D6F400FFCCF7 /* UIImageNotRotate.swift in Sources */,
				3F5B0FEB291109E0009E10D4 /* AppDelegate.swift in Sources */,
				3F5B0FED291109E0009E10D4 /* SceneDelegate.swift in Sources */,
				3FB130CE2938B70100F17C73 /* PHasset to UIImage.swift in Sources */,
			);
			runOnlyForDeploymentPostprocessing = 0;
		};
/* End PBXSourcesBuildPhase section */

/* Begin PBXVariantGroup section */
		3F5B0FF0291109E0009E10D4 /* Main.storyboard */ = {
			isa = PBXVariantGroup;
			children = (
				3F5B0FF1291109E0009E10D4 /* Base */,
			);
			name = Main.storyboard;
			sourceTree = "<group>";
		};
		3F5B0FF5291109E0009E10D4 /* LaunchScreen.storyboard */ = {
			isa = PBXVariantGroup;
			children = (
				3F5B0FF6291109E0009E10D4 /* Base */,
			);
			name = LaunchScreen.storyboard;
			sourceTree = "<group>";
		};
/* End PBXVariantGroup section */

/* Begin XCBuildConfiguration section */
		3F5B0FF9291109E0009E10D4 /* Debug */ = {
			isa = XCBuildConfiguration;
			buildSettings = {
				ALWAYS_SEARCH_USER_PATHS = NO;
				CLANG_ANALYZER_NONNULL = YES;
				CLANG_ANALYZER_NUMBER_OBJECT_CONVERSION = YES_AGGRESSIVE;
				CLANG_CXX_LANGUAGE_STANDARD = "gnu++20";
				CLANG_ENABLE_MODULES = YES;
				CLANG_ENABLE_OBJC_ARC = YES;
				CLANG_ENABLE_OBJC_WEAK = YES;
				CLANG_WARN_BLOCK_CAPTURE_AUTORELEASING = YES;
				CLANG_WARN_BOOL_CONVERSION = YES;
				CLANG_WARN_COMMA = YES;
				CLANG_WARN_CONSTANT_CONVERSION = YES;
				CLANG_WARN_DEPRECATED_OBJC_IMPLEMENTATIONS = YES;
				CLANG_WARN_DIRECT_OBJC_ISA_USAGE = YES_ERROR;
				CLANG_WARN_DOCUMENTATION_COMMENTS = YES;
				CLANG_WARN_EMPTY_BODY = YES;
				CLANG_WARN_ENUM_CONVERSION = YES;
				CLANG_WARN_INFINITE_RECURSION = YES;
				CLANG_WARN_INT_CONVERSION = YES;
				CLANG_WARN_NON_LITERAL_NULL_CONVERSION = YES;
				CLANG_WARN_OBJC_IMPLICIT_RETAIN_SELF = YES;
				CLANG_WARN_OBJC_LITERAL_CONVERSION = YES;
				CLANG_WARN_OBJC_ROOT_CLASS = YES_ERROR;
				CLANG_WARN_QUOTED_INCLUDE_IN_FRAMEWORK_HEADER = YES;
				CLANG_WARN_RANGE_LOOP_ANALYSIS = YES;
				CLANG_WARN_STRICT_PROTOTYPES = YES;
				CLANG_WARN_SUSPICIOUS_MOVE = YES;
				CLANG_WARN_UNGUARDED_AVAILABILITY = YES_AGGRESSIVE;
				CLANG_WARN_UNREACHABLE_CODE = YES;
				CLANG_WARN__DUPLICATE_METHOD_MATCH = YES;
				COPY_PHASE_STRIP = NO;
				DEBUG_INFORMATION_FORMAT = dwarf;
				ENABLE_STRICT_OBJC_MSGSEND = YES;
				ENABLE_TESTABILITY = YES;
				GCC_C_LANGUAGE_STANDARD = gnu11;
				GCC_DYNAMIC_NO_PIC = NO;
				GCC_NO_COMMON_BLOCKS = YES;
				GCC_OPTIMIZATION_LEVEL = 0;
				GCC_PREPROCESSOR_DEFINITIONS = (
					"DEBUG=1",
					"$(inherited)",
				);
				GCC_WARN_64_TO_32_BIT_CONVERSION = YES;
				GCC_WARN_ABOUT_RETURN_TYPE = YES_ERROR;
				GCC_WARN_UNDECLARED_SELECTOR = YES;
				GCC_WARN_UNINITIALIZED_AUTOS = YES_AGGRESSIVE;
				GCC_WARN_UNUSED_FUNCTION = YES;
				GCC_WARN_UNUSED_VARIABLE = YES;
				IPHONEOS_DEPLOYMENT_TARGET = 16.0;
				MTL_ENABLE_DEBUG_INFO = INCLUDE_SOURCE;
				MTL_FAST_MATH = YES;
				ONLY_ACTIVE_ARCH = YES;
				SDKROOT = iphoneos;
				SWIFT_ACTIVE_COMPILATION_CONDITIONS = DEBUG;
				SWIFT_OPTIMIZATION_LEVEL = "-Onone";
			};
			name = Debug;
		};
		3F5B0FFA291109E0009E10D4 /* Release */ = {
			isa = XCBuildConfiguration;
			buildSettings = {
				ALWAYS_SEARCH_USER_PATHS = NO;
				CLANG_ANALYZER_NONNULL = YES;
				CLANG_ANALYZER_NUMBER_OBJECT_CONVERSION = YES_AGGRESSIVE;
				CLANG_CXX_LANGUAGE_STANDARD = "gnu++20";
				CLANG_ENABLE_MODULES = YES;
				CLANG_ENABLE_OBJC_ARC = YES;
				CLANG_ENABLE_OBJC_WEAK = YES;
				CLANG_WARN_BLOCK_CAPTURE_AUTORELEASING = YES;
				CLANG_WARN_BOOL_CONVERSION = YES;
				CLANG_WARN_COMMA = YES;
				CLANG_WARN_CONSTANT_CONVERSION = YES;
				CLANG_WARN_DEPRECATED_OBJC_IMPLEMENTATIONS = YES;
				CLANG_WARN_DIRECT_OBJC_ISA_USAGE = YES_ERROR;
				CLANG_WARN_DOCUMENTATION_COMMENTS = YES;
				CLANG_WARN_EMPTY_BODY = YES;
				CLANG_WARN_ENUM_CONVERSION = YES;
				CLANG_WARN_INFINITE_RECURSION = YES;
				CLANG_WARN_INT_CONVERSION = YES;
				CLANG_WARN_NON_LITERAL_NULL_CONVERSION = YES;
				CLANG_WARN_OBJC_IMPLICIT_RETAIN_SELF = YES;
				CLANG_WARN_OBJC_LITERAL_CONVERSION = YES;
				CLANG_WARN_OBJC_ROOT_CLASS = YES_ERROR;
				CLANG_WARN_QUOTED_INCLUDE_IN_FRAMEWORK_HEADER = YES;
				CLANG_WARN_RANGE_LOOP_ANALYSIS = YES;
				CLANG_WARN_STRICT_PROTOTYPES = YES;
				CLANG_WARN_SUSPICIOUS_MOVE = YES;
				CLANG_WARN_UNGUARDED_AVAILABILITY = YES_AGGRESSIVE;
				CLANG_WARN_UNREACHABLE_CODE = YES;
				CLANG_WARN__DUPLICATE_METHOD_MATCH = YES;
				COPY_PHASE_STRIP = NO;
				DEBUG_INFORMATION_FORMAT = "dwarf-with-dsym";
				ENABLE_NS_ASSERTIONS = NO;
				ENABLE_STRICT_OBJC_MSGSEND = YES;
				GCC_C_LANGUAGE_STANDARD = gnu11;
				GCC_NO_COMMON_BLOCKS = YES;
				GCC_WARN_64_TO_32_BIT_CONVERSION = YES;
				GCC_WARN_ABOUT_RETURN_TYPE = YES_ERROR;
				GCC_WARN_UNDECLARED_SELECTOR = YES;
				GCC_WARN_UNINITIALIZED_AUTOS = YES_AGGRESSIVE;
				GCC_WARN_UNUSED_FUNCTION = YES;
				GCC_WARN_UNUSED_VARIABLE = YES;
				IPHONEOS_DEPLOYMENT_TARGET = 16.0;
				MTL_ENABLE_DEBUG_INFO = NO;
				MTL_FAST_MATH = YES;
				SDKROOT = iphoneos;
				SWIFT_COMPILATION_MODE = wholemodule;
				SWIFT_OPTIMIZATION_LEVEL = "-O";
				VALIDATE_PRODUCT = YES;
			};
			name = Release;
		};
		3F5B0FFC291109E0009E10D4 /* Debug */ = {
			isa = XCBuildConfiguration;
			baseConfigurationReference = 64D3059EFC1E420898148675 /* Pods-ImagePicker.debug.xcconfig */;
			buildSettings = {
				ASSETCATALOG_COMPILER_APPICON_NAME = AppIcon;
				ASSETCATALOG_COMPILER_GLOBAL_ACCENT_COLOR_NAME = AccentColor;
				CODE_SIGN_STYLE = Automatic;
				CURRENT_PROJECT_VERSION = 1;
				DEVELOPMENT_TEAM = R6Y2DR5795;
				GENERATE_INFOPLIST_FILE = YES;
				INFOPLIST_FILE = ImagePicker/Info.plist;
				INFOPLIST_KEY_UIApplicationSupportsIndirectInputEvents = YES;
				INFOPLIST_KEY_UILaunchStoryboardName = LaunchScreen;
				INFOPLIST_KEY_UIMainStoryboardFile = Main;
				INFOPLIST_KEY_UISupportedInterfaceOrientations_iPad = "UIInterfaceOrientationPortrait UIInterfaceOrientationPortraitUpsideDown UIInterfaceOrientationLandscapeLeft UIInterfaceOrientationLandscapeRight";
				INFOPLIST_KEY_UISupportedInterfaceOrientations_iPhone = "UIInterfaceOrientationPortrait UIInterfaceOrientationLandscapeLeft UIInterfaceOrientationLandscapeRight";
				LD_RUNPATH_SEARCH_PATHS = (
					"$(inherited)",
					"@executable_path/Frameworks",
				);
				MARKETING_VERSION = 1.0;
				PRODUCT_BUNDLE_IDENTIFIER = com.Denisenko.ImagePicker;
				PRODUCT_NAME = "$(TARGET_NAME)";
				SWIFT_EMIT_LOC_STRINGS = YES;
				SWIFT_VERSION = 5.0;
				TARGETED_DEVICE_FAMILY = "1,2";
			};
			name = Debug;
		};
		3F5B0FFD291109E0009E10D4 /* Release */ = {
			isa = XCBuildConfiguration;
			baseConfigurationReference = CA4A107F25D6F7E65FCAE214 /* Pods-ImagePicker.release.xcconfig */;
			buildSettings = {
				ASSETCATALOG_COMPILER_APPICON_NAME = AppIcon;
				ASSETCATALOG_COMPILER_GLOBAL_ACCENT_COLOR_NAME = AccentColor;
				CODE_SIGN_STYLE = Automatic;
				CURRENT_PROJECT_VERSION = 1;
				DEVELOPMENT_TEAM = R6Y2DR5795;
				GENERATE_INFOPLIST_FILE = YES;
				INFOPLIST_FILE = ImagePicker/Info.plist;
				INFOPLIST_KEY_UIApplicationSupportsIndirectInputEvents = YES;
				INFOPLIST_KEY_UILaunchStoryboardName = LaunchScreen;
				INFOPLIST_KEY_UIMainStoryboardFile = Main;
				INFOPLIST_KEY_UISupportedInterfaceOrientations_iPad = "UIInterfaceOrientationPortrait UIInterfaceOrientationPortraitUpsideDown UIInterfaceOrientationLandscapeLeft UIInterfaceOrientationLandscapeRight";
				INFOPLIST_KEY_UISupportedInterfaceOrientations_iPhone = "UIInterfaceOrientationPortrait UIInterfaceOrientationLandscapeLeft UIInterfaceOrientationLandscapeRight";
				LD_RUNPATH_SEARCH_PATHS = (
					"$(inherited)",
					"@executable_path/Frameworks",
				);
				MARKETING_VERSION = 1.0;
				PRODUCT_BUNDLE_IDENTIFIER = com.Denisenko.ImagePicker;
				PRODUCT_NAME = "$(TARGET_NAME)";
				SWIFT_EMIT_LOC_STRINGS = YES;
				SWIFT_VERSION = 5.0;
				TARGETED_DEVICE_FAMILY = "1,2";
			};
			name = Release;
		};
/* End XCBuildConfiguration section */

/* Begin XCConfigurationList section */
		3F5B0FE2291109E0009E10D4 /* Build configuration list for PBXProject "ImagePicker" */ = {
			isa = XCConfigurationList;
			buildConfigurations = (
				3F5B0FF9291109E0009E10D4 /* Debug */,
				3F5B0FFA291109E0009E10D4 /* Release */,
			);
			defaultConfigurationIsVisible = 0;
			defaultConfigurationName = Release;
		};
		3F5B0FFB291109E0009E10D4 /* Build configuration list for PBXNativeTarget "ImagePicker" */ = {
			isa = XCConfigurationList;
			buildConfigurations = (
				3F5B0FFC291109E0009E10D4 /* Debug */,
				3F5B0FFD291109E0009E10D4 /* Release */,
			);
			defaultConfigurationIsVisible = 0;
			defaultConfigurationName = Release;
		};
/* End XCConfigurationList section */
	};
	rootObject = 3F5B0FDF291109E0009E10D4 /* Project object */;
}
